{
  "name": "dapp",
  "version": "1.0.0",
  "lockfileVersion": 3,
  "requires": true,
  "packages": {
    "": {
      "name": "dapp",
      "version": "1.0.0",
      "license": "ISC",
      "dependencies": {
        "react-axios": "^2.0.6"
      }
    },
    "node_modules/react-axios": {
      "version": "2.0.6",
      "resolved": "https://registry.npmjs.org/react-axios/-/react-axios-2.0.6.tgz",
      "integrity": "sha512-srQnLZXaW9LDJyC4/qvQ7aPi/rUpsggd3RIM5Q/vFLlQZ4l5bvPtqP/2+UeRXhJH75NfxbcPD3FkjiKONn5V8Q==",
      "license": "MIT",
      "peerDependencies": {
        "axios": "^0.27.2",
        "prop-types": "^15.8.1",
        "react": "^16.0.0 || ^17.0.0 || ^18.0.0"
      }
    }
  }
}
